hash: 52dfa7938a4008fc2ea1fecf877b436d48643d2c010fdcc743131d71e262b8b1
updated: 2017-03-21T17:40:22.4513895-04:00
imports:
- name: github.com/coreos/etcd
  version: ace3a217b00c537c059df066f7f262669f900faa
- name: github.com/ghodss/yaml
  version: 04f313413ffd65ce25f2541bfd2b2ceec5c0908c
- name: github.com/gorilla/handlers
  version: 13d73096a474cac93275c679c7b8a2dc17ddba82
- name: github.com/gorilla/mux
  version: 599cba5e7b6137d46ddf58fb1765f5d928e69604
- name: github.com/jteeuwen/go-bindata
  version: a0ff2567cfb70903282db057e799fd826784d41d
- name: github.com/kubernetes/repo-infra
  version: 4c4ae2e2e6994e887da16f3c31f495e10062b810
- name: github.com/satori/go.uuid
  version: b061729afc07e77a8aa4fad0a2fd840958f1942a
- name: github.com/spf13/cobra
  version: f62e98d28ab7ad31d707ba837a966378465c7b57
- name: github.com/ugorji/go
  version: ded73eae5db7e7a0ef6f55aace87a2873c5d2b74
  subpackages:
  - codec/codecgen
- name: google.golang.org/grpc
  version: 231b4cfea0e79843053a33f5fe90bd4d84b23cd3
- name: k8s.io/apimachinery
  version: c810e4931f2cf80a6f0a007f8ba9c05ef0165cee
- name: k8s.io/apiserver
  version: fb15924f43bd9a27225106aa70510c5e06cd2ef8
- name: k8s.io/client-go
  version: 8147f564dfb11a02e282c4e468919b6db0080d95
- name: k8s.io/gengo
  version: cc7adb61f5c64d7a439bf5e528f1e22d84c42a80
  subpackages:
  - args
- name: k8s.io/kubernetes
  version: 77733c2afdcc4e85595e990d69d9b2765b1cf4e1
testImports: []
